<?xml version="1.0" encoding="utf-8"?>
<Project ToolsVersion="4.0" xmlns="http://schemas.microsoft.com/developer/msbuild/2003">
  <ItemGroup>
    <Filter Include="Source Files">
      <UniqueIdentifier>{4FC737F1-C7A5-4376-A066-2A32D752A2FF}</UniqueIdentifier>
      <Extensions>cpp;c;cc;cxx;c++;cppm;ixx;def;odl;idl;hpj;bat;asm;asmx</Extensions>
    </Filter>
    <Filter Include="Header Files">
      <UniqueIdentifier>{93995380-89BD-4b04-88EB-625FBE52EBFB}</UniqueIdentifier>
      <Extensions>h;hh;hpp;hxx;h++;hm;inl;inc;ipp;xsd</Extensions>
    </Filter>
    <Filter Include="Resource Files">
      <UniqueIdentifier>{67DA6AB6-F800-4c08-8B7A-83BB121AAD01}</UniqueIdentifier>
      <Extensions>rc;ico;cur;bmp;dlg;rc2;rct;bin;rgs;gif;jpg;jpeg;jpe;resx;tiff;tif;png;wav;mfcribbon-ms</Extensions>
    </Filter>
  </ItemGroup>
  <ItemGroup>
    <ClCompile Include="main.cpp">
      <Filter>Source Files</Filter>
    </ClCompile>
    <ClCompile Include="mathext.cpp">
      <Filter>Source Files</Filter>
    </ClCompile>
    <ClCompile Include="resdb.c">
      <Filter>Source Files</Filter>
    </ClCompile>
    <ClCompile Include="lib\SOIL2\image_DXT.c">
      <Filter>Source Files</Filter>
    </ClCompile>
    <ClCompile Include="lib\SOIL2\image_helper.c">
      <Filter>Source Files</Filter>
    </ClCompile>
    <ClCompile Include="lib\SOIL2\SOIL2.c">
      <Filter>Source Files</Filter>
    </ClCompile>
    <ClCompile Include="lib\SOIL2\wfETC.c">
      <Filter>Source Files</Filter>
    </ClCompile>
    <ClCompile Include="file.c">
      <Filter>Source Files</Filter>
    </ClCompile>
    <ClCompile Include="lib\getopt.c">
      <Filter>Source Files</Filter>
    </ClCompile>
    <ClCompile Include="glutil.c">
      <Filter>Source Files</Filter>
    </ClCompile>
    <ClCompile Include="lib\sys\mman.c">
      <Filter>Source Files</Filter>
    </ClCompile>
    <ClCompile Include="lib\glad\glad.c">
      <Filter>Source Files</Filter>
    </ClCompile>
    <ClCompile Include="json.cpp">
      <Filter>Source Files</Filter>
    </ClCompile>
    <ClCompile Include="import-texture.cpp">
      <Filter>Source Files</Filter>
    </ClCompile>
    <ClCompile Include="import-mesh.cpp">
      <Filter>Source Files</Filter>
    </ClCompile>
    <ClCompile Include="import-shader.cpp">
      <Filter>Source Files</Filter>
    </ClCompile>
    <ClCompile Include="import-material.cpp">
      <Filter>Source Files</Filter>
    </ClCompile>
    <ClCompile Include="gfx.cpp">
      <Filter>Source Files</Filter>
    </ClCompile>
    <ClCompile Include="scn_node.cpp">
      <Filter>Source Files</Filter>
    </ClCompile>
    <ClCompile Include="camera.cpp">
      <Filter>Source Files</Filter>
    </ClCompile>
    <ClCompile Include="core.cpp">
      <Filter>Source Files</Filter>
    </ClCompile>
    <ClCompile Include="mesh_entity.cpp">
      <Filter>Source Files</Filter>
    </ClCompile>
    <ClCompile Include="import-scene.cpp">
      <Filter>Source Files</Filter>
    </ClCompile>
    <ClCompile Include="light.cpp">
      <Filter>Source Files</Filter>
    </ClCompile>
  </ItemGroup>
  <ItemGroup>
    <ClInclude Include="hash.h">
      <Filter>Header Files</Filter>
    </ClInclude>
    <ClInclude Include="hashtable.h">
      <Filter>Header Files</Filter>
    </ClInclude>
    <ClInclude Include="list.h">
      <Filter>Header Files</Filter>
    </ClInclude>
    <ClInclude Include="mathext.h">
      <Filter>Header Files</Filter>
    </ClInclude>
    <ClInclude Include="resdb.h">
      <Filter>Header Files</Filter>
    </ClInclude>
    <ClInclude Include="lib\SOIL2\image_DXT.h">
      <Filter>Header Files</Filter>
    </ClInclude>
    <ClInclude Include="lib\SOIL2\image_helper.h">
      <Filter>Header Files</Filter>
    </ClInclude>
    <ClInclude Include="lib\SOIL2\pkm_helper.h">
      <Filter>Header Files</Filter>
    </ClInclude>
    <ClInclude Include="lib\SOIL2\pvr_helper.h">
      <Filter>Header Files</Filter>
    </ClInclude>
    <ClInclude Include="lib\SOIL2\SOIL2.h">
      <Filter>Header Files</Filter>
    </ClInclude>
    <ClInclude Include="lib\SOIL2\stb_image.h">
      <Filter>Header Files</Filter>
    </ClInclude>
    <ClInclude Include="lib\SOIL2\stb_image_write.h">
      <Filter>Header Files</Filter>
    </ClInclude>
    <ClInclude Include="lib\SOIL2\stbi_DDS.h">
      <Filter>Header Files</Filter>
    </ClInclude>
    <ClInclude Include="lib\SOIL2\stbi_DDS_c.h">
      <Filter>Header Files</Filter>
    </ClInclude>
    <ClInclude Include="lib\SOIL2\stbi_ext.h">
      <Filter>Header Files</Filter>
    </ClInclude>
    <ClInclude Include="lib\SOIL2\stbi_ext_c.h">
      <Filter>Header Files</Filter>
    </ClInclude>
    <ClInclude Include="lib\SOIL2\stbi_pkm.h">
      <Filter>Header Files</Filter>
    </ClInclude>
    <ClInclude Include="lib\SOIL2\stbi_pkm_c.h">
      <Filter>Header Files</Filter>
    </ClInclude>
    <ClInclude Include="lib\SOIL2\stbi_pvr.h">
      <Filter>Header Files</Filter>
    </ClInclude>
    <ClInclude Include="lib\SOIL2\stbi_pvr_c.h">
      <Filter>Header Files</Filter>
    </ClInclude>
    <ClInclude Include="lib\SOIL2\wfETC.h">
      <Filter>Header Files</Filter>
    </ClInclude>
    <ClInclude Include="lib\SOIL2.h">
      <Filter>Header Files</Filter>
    </ClInclude>
    <ClInclude Include="file.h">
      <Filter>Header Files</Filter>
    </ClInclude>
    <ClInclude Include="lib\getopt.h">
      <Filter>Header Files</Filter>
    </ClInclude>
    <ClInclude Include="glutil.h">
      <Filter>Header Files</Filter>
    </ClInclude>
    <ClInclude Include="lib\unistd.h">
      <Filter>Header Files</Filter>
    </ClInclude>
    <ClInclude Include="util.h">
      <Filter>Header Files</Filter>
    </ClInclude>
    <ClInclude Include="lib\glad\glad.h">
      <Filter>Header Files</Filter>
    </ClInclude>
    <ClInclude Include="path.h">
      <Filter>Header Files</Filter>
    </ClInclude>
    <ClInclude Include="json.h">
      <Filter>Header Files</Filter>
    </ClInclude>
    <ClInclude Include="lib\sys\mman.h">
      <Filter>Header Files</Filter>
    </ClInclude>
    <ClInclude Include="core.h">
      <Filter>Header Files</Filter>
    </ClInclude>
  </ItemGroup>
</Project>